# THIS IS AN AUTOGENERATED FILE. DO NOT EDIT THIS FILE DIRECTLY.
# yarn lockfile v1


dhcp@^0.2.20:
  version "0.2.20"
  resolved "https://registry.yarnpkg.com/dhcp/-/dhcp-0.2.20.tgz#e43729bf23c125bdd0aac7be6e5eebee895bacc5"
  integrity sha512-SfKVTg5qqe5aXSrSAXABM1yJl3OjekhSg6ryJyLjK1015waNj9fmMq8SrHI6qWuICtiprfYbh/f55giBJcC9Ag==
  dependencies:
    minimist "*"

dns2@^2.0.0:
  version "2.0.0"
  resolved "https://registry.yarnpkg.com/dns2/-/dns2-2.0.0.tgz#e5b33e3654ecc6b6cfa37922367384683286cfd9"
  integrity sha512-dXifGcjqHAQnEIYDtXXrVOOujcOULWwDs4IIaJI0e0+x74FtdZ4LTSV9BDFgFaDN1HX+UR4pXMiTXdGbZsEuZQ==

minimist@*:
  version "1.2.5"
  resolved "https://registry.yarnpkg.com/minimist/-/minimist-1.2.5.tgz#67d66014b66a6a8aaa0c083c5fd58df4e4e97602"
  integrity sha512-FM9nNUYrRBAELZQT3xeZQ7fmMOBg6nWNmJKTcgsJeaLstP/UODVpGsr5OhXhhXg6f+qtJ8uiZ+PUxkDWcgIXLw==
